
Microsoft Visual Studio Solution File, Format Version 12.00
# Visual Studio Version 16
VisualStudioVersion = 16.0.30114.105
MinimumVisualStudioVersion = 10.0.40219.1
Project("{FAE04EC0-301F-11D3-BF4B-00C04F79EFBC}") = "brain.services.console", "brain.services.console\brain.services.console.csproj", "{20E47878-8F1F-4FA6-8EC3-1CD46E62F717}"
EndProject
Project("{2150E333-8FDC-42A3-9474-1A3956D46DE8}") = "01Services", "01Services", "{490278C8-14BB-486E-A761-3B2B60BEC6FD}"
EndProject
Project("{2150E333-8FDC-42A3-9474-1A3956D46DE8}") = "03Business", "03Business", "{BFF85FF2-DD56-4869-BDDA-DB0AFA5DE007}"
EndProject
Project("{2150E333-8FDC-42A3-9474-1A3956D46DE8}") = "02Models", "02Models", "{85BD30C1-45BD-4E75-B7DD-3FF6433E2F5B}"
EndProject
Project("{FAE04EC0-301F-11D3-BF4B-00C04F79EFBC}") = "brain.models.mutant", "brain.models.mutant\brain.models.mutant.csproj", "{FFCE3EFC-186A-4ED2-958A-69BEE44A76B6}"
EndProject
Project("{FAE04EC0-301F-11D3-BF4B-00C04F79EFBC}") = "brain.business.mutant", "brain.business.mutant\brain.business.mutant.csproj", "{06A94917-C63C-4420-AC76-504EB77415C5}"
EndProject
Project("{FAE04EC0-301F-11D3-BF4B-00C04F79EFBC}") = "brain.services.API", "brain.services.API\brain.services.API.csproj", "{3CF30D03-01E4-4188-8604-8413F896D690}"
EndProject
Project("{FAE04EC0-301F-11D3-BF4B-00C04F79EFBC}") = "brain.dto.mutant", "brain.dto.mutant\brain.dto.mutant.csproj", "{6C37CD49-5372-4FDD-9C99-C49102350195}"
EndProject
Project("{2150E333-8FDC-42A3-9474-1A3956D46DE8}") = "04Entities", "04Entities", "{229299BE-952C-4AC3-97F5-4B58073711D7}"
EndProject
Project("{2150E333-8FDC-42A3-9474-1A3956D46DE8}") = "05DAL", "05DAL", "{CA1C527E-CFA6-464F-83BD-B64F5D0259B3}"
EndProject
Project("{FAE04EC0-301F-11D3-BF4B-00C04F79EFBC}") = "brain.entities", "brain.entities.AnalysisLog\brain.entities.csproj", "{3268D08A-9EC6-4A97-A875-1A718BC9B3F3}"
EndProject
Project("{FAE04EC0-301F-11D3-BF4B-00C04F79EFBC}") = "brain.data.laboratoryDAL", "brain.data.DAL\brain.data.laboratoryDAL.csproj", "{0D5C74F6-1907-40BE-8D56-22C9D60692BA}"
EndProject
Project("{FAE04EC0-301F-11D3-BF4B-00C04F79EFBC}") = "brain.business.laboratory", "brain.business.laboratory\brain.business.laboratory.csproj", "{291215B8-3998-4D20-9268-B5EE37E30CBB}"
EndProject
Project("{FAE04EC0-301F-11D3-BF4B-00C04F79EFBC}") = "brain.models.laboratory", "brain.models.laboratory\brain.models.laboratory.csproj", "{42D676D4-85C7-4230-ADFC-AD17BFAE6F32}"
EndProject
Project("{FAE04EC0-301F-11D3-BF4B-00C04F79EFBC}") = "brain.dto.laboratory", "brain.dto.laboratory\brain.dto.laboratory.csproj", "{D9E13129-017F-486B-BF39-A45C4EF50A37}"
EndProject
Global
	GlobalSection(SolutionConfigurationPlatforms) = preSolution
		Debug|Any CPU = Debug|Any CPU
		Release|Any CPU = Release|Any CPU
	EndGlobalSection
	GlobalSection(ProjectConfigurationPlatforms) = postSolution
		{20E47878-8F1F-4FA6-8EC3-1CD46E62F717}.Debug|Any CPU.ActiveCfg = Debug|Any CPU
		{20E47878-8F1F-4FA6-8EC3-1CD46E62F717}.Debug|Any CPU.Build.0 = Debug|Any CPU
		{20E47878-8F1F-4FA6-8EC3-1CD46E62F717}.Release|Any CPU.ActiveCfg = Release|Any CPU
		{20E47878-8F1F-4FA6-8EC3-1CD46E62F717}.Release|Any CPU.Build.0 = Release|Any CPU
		{FFCE3EFC-186A-4ED2-958A-69BEE44A76B6}.Debug|Any CPU.ActiveCfg = Debug|Any CPU
		{FFCE3EFC-186A-4ED2-958A-69BEE44A76B6}.Debug|Any CPU.Build.0 = Debug|Any CPU
		{FFCE3EFC-186A-4ED2-958A-69BEE44A76B6}.Release|Any CPU.ActiveCfg = Release|Any CPU
		{FFCE3EFC-186A-4ED2-958A-69BEE44A76B6}.Release|Any CPU.Build.0 = Release|Any CPU
		{06A94917-C63C-4420-AC76-504EB77415C5}.Debug|Any CPU.ActiveCfg = Debug|Any CPU
		{06A94917-C63C-4420-AC76-504EB77415C5}.Debug|Any CPU.Build.0 = Debug|Any CPU
		{06A94917-C63C-4420-AC76-504EB77415C5}.Release|Any CPU.ActiveCfg = Release|Any CPU
		{06A94917-C63C-4420-AC76-504EB77415C5}.Release|Any CPU.Build.0 = Release|Any CPU
		{3CF30D03-01E4-4188-8604-8413F896D690}.Debug|Any CPU.ActiveCfg = Debug|Any CPU
		{3CF30D03-01E4-4188-8604-8413F896D690}.Debug|Any CPU.Build.0 = Debug|Any CPU
		{3CF30D03-01E4-4188-8604-8413F896D690}.Release|Any CPU.ActiveCfg = Release|Any CPU
		{3CF30D03-01E4-4188-8604-8413F896D690}.Release|Any CPU.Build.0 = Release|Any CPU
		{6C37CD49-5372-4FDD-9C99-C49102350195}.Debug|Any CPU.ActiveCfg = Debug|Any CPU
		{6C37CD49-5372-4FDD-9C99-C49102350195}.Debug|Any CPU.Build.0 = Debug|Any CPU
		{6C37CD49-5372-4FDD-9C99-C49102350195}.Release|Any CPU.ActiveCfg = Release|Any CPU
		{6C37CD49-5372-4FDD-9C99-C49102350195}.Release|Any CPU.Build.0 = Release|Any CPU
		{3268D08A-9EC6-4A97-A875-1A718BC9B3F3}.Debug|Any CPU.ActiveCfg = Debug|Any CPU
		{3268D08A-9EC6-4A97-A875-1A718BC9B3F3}.Debug|Any CPU.Build.0 = Debug|Any CPU
		{3268D08A-9EC6-4A97-A875-1A718BC9B3F3}.Release|Any CPU.ActiveCfg = Release|Any CPU
		{3268D08A-9EC6-4A97-A875-1A718BC9B3F3}.Release|Any CPU.Build.0 = Release|Any CPU
		{0D5C74F6-1907-40BE-8D56-22C9D60692BA}.Debug|Any CPU.ActiveCfg = Debug|Any CPU
		{0D5C74F6-1907-40BE-8D56-22C9D60692BA}.Debug|Any CPU.Build.0 = Debug|Any CPU
		{0D5C74F6-1907-40BE-8D56-22C9D60692BA}.Release|Any CPU.ActiveCfg = Release|Any CPU
		{0D5C74F6-1907-40BE-8D56-22C9D60692BA}.Release|Any CPU.Build.0 = Release|Any CPU
		{291215B8-3998-4D20-9268-B5EE37E30CBB}.Debug|Any CPU.ActiveCfg = Debug|Any CPU
		{291215B8-3998-4D20-9268-B5EE37E30CBB}.Debug|Any CPU.Build.0 = Debug|Any CPU
		{291215B8-3998-4D20-9268-B5EE37E30CBB}.Release|Any CPU.ActiveCfg = Release|Any CPU
		{291215B8-3998-4D20-9268-B5EE37E30CBB}.Release|Any CPU.Build.0 = Release|Any CPU
		{42D676D4-85C7-4230-ADFC-AD17BFAE6F32}.Debug|Any CPU.ActiveCfg = Debug|Any CPU
		{42D676D4-85C7-4230-ADFC-AD17BFAE6F32}.Debug|Any CPU.Build.0 = Debug|Any CPU
		{42D676D4-85C7-4230-ADFC-AD17BFAE6F32}.Release|Any CPU.ActiveCfg = Release|Any CPU
		{42D676D4-85C7-4230-ADFC-AD17BFAE6F32}.Release|Any CPU.Build.0 = Release|Any CPU
		{D9E13129-017F-486B-BF39-A45C4EF50A37}.Debug|Any CPU.ActiveCfg = Debug|Any CPU
		{D9E13129-017F-486B-BF39-A45C4EF50A37}.Debug|Any CPU.Build.0 = Debug|Any CPU
		{D9E13129-017F-486B-BF39-A45C4EF50A37}.Release|Any CPU.ActiveCfg = Release|Any CPU
		{D9E13129-017F-486B-BF39-A45C4EF50A37}.Release|Any CPU.Build.0 = Release|Any CPU
	EndGlobalSection
	GlobalSection(SolutionProperties) = preSolution
		HideSolutionNode = FALSE
	EndGlobalSection
	GlobalSection(NestedProjects) = preSolution
		{20E47878-8F1F-4FA6-8EC3-1CD46E62F717} = {490278C8-14BB-486E-A761-3B2B60BEC6FD}
		{FFCE3EFC-186A-4ED2-958A-69BEE44A76B6} = {85BD30C1-45BD-4E75-B7DD-3FF6433E2F5B}
		{06A94917-C63C-4420-AC76-504EB77415C5} = {BFF85FF2-DD56-4869-BDDA-DB0AFA5DE007}
		{3CF30D03-01E4-4188-8604-8413F896D690} = {490278C8-14BB-486E-A761-3B2B60BEC6FD}
		{6C37CD49-5372-4FDD-9C99-C49102350195} = {85BD30C1-45BD-4E75-B7DD-3FF6433E2F5B}
		{3268D08A-9EC6-4A97-A875-1A718BC9B3F3} = {229299BE-952C-4AC3-97F5-4B58073711D7}
		{0D5C74F6-1907-40BE-8D56-22C9D60692BA} = {CA1C527E-CFA6-464F-83BD-B64F5D0259B3}
		{291215B8-3998-4D20-9268-B5EE37E30CBB} = {BFF85FF2-DD56-4869-BDDA-DB0AFA5DE007}
		{42D676D4-85C7-4230-ADFC-AD17BFAE6F32} = {85BD30C1-45BD-4E75-B7DD-3FF6433E2F5B}
		{D9E13129-017F-486B-BF39-A45C4EF50A37} = {85BD30C1-45BD-4E75-B7DD-3FF6433E2F5B}
	EndGlobalSection
	GlobalSection(ExtensibilityGlobals) = postSolution
		SolutionGuid = {33006F01-74CA-4682-84AC-C58229ED8808}
	EndGlobalSection
EndGlobal
